// !$*UTF8*$!
{
	archiveVersion = 1;
	classes = {
	};
	objectVersion = 46;
	objects = {

/* Begin PBXBuildFile section */
		7CED40471ECED2A6000E4694 /* AppDelegate.swift in Sources */ = {isa = PBXBuildFile; fileRef = 7CED40461ECED2A6000E4694 /* AppDelegate.swift */; };
		7CED40491ECED2A6000E4694 /* ViewController.swift in Sources */ = {isa = PBXBuildFile; fileRef = 7CED40481ECED2A6000E4694 /* ViewController.swift */; };
		7CED404C1ECED2A6000E4694 /* Main.storyboard in Resources */ = {isa = PBXBuildFile; fileRef = 7CED404A1ECED2A6000E4694 /* Main.storyboard */; };
		7CED404E1ECED2A6000E4694 /* Assets.xcassets in Resources */ = {isa = PBXBuildFile; fileRef = 7CED404D1ECED2A6000E4694 /* Assets.xcassets */; };
		7CED40511ECED2A6000E4694 /* LaunchScreen.storyboard in Resources */ = {isa = PBXBuildFile; fileRef = 7CED404F1ECED2A6000E4694 /* LaunchScreen.storyboard */; };
/* End PBXBuildFile section */

/* Begin PBXFileReference section */
		7CED40431ECED2A6000E4694 /* Cube Timer.app */ = {isa = PBXFileReference; explicitFileType = wrapper.application; includeInIndex = 0; path = "Cube Timer.app"; sourceTree = BUILT_PRODUCTS_DIR; };
		7CED40461ECED2A6000E4694 /* AppDelegate.swift */ = {isa = PBXFileReference; lastKnownFileType = sourcecode.swift; path = AppDelegate.swift; sourceTree = "<group>"; };
		7CED40481ECED2A6000E4694 /* ViewController.swift */ = {isa = PBXFileReference; lastKnownFileType = sourcecode.swift; path = ViewController.swift; sourceTree = "<group>"; };
		7CED404B1ECED2A6000E4694 /* Base */ = {isa = PBXFileReference; lastKnownFileType = file.storyboard; name = Base; path = Base.lproj/Main.storyboard; sourceTree = "<group>"; };
		7CED404D1ECED2A6000E4694 /* Assets.xcassets */ = {isa = PBXFileReference; lastKnownFileType = folder.assetcatalog; path = Assets.xcassets; sourceTree = "<group>"; };
		7CED40501ECED2A6000E4694 /* Base */ = {isa = PBXFileReference; lastKnownFileType = file.storyboard; name = Base; path = Base.lproj/LaunchScreen.storyboard; sourceTree = "<group>"; };
		7CED40521ECED2A6000E4694 /* Info.plist */ = {isa = PBXFileReference; lastKnownFileType = text.plist.xml; path = Info.plist; sourceTree = "<group>"; };
/* End PBXFileReference section */

/* Begin PBXFrameworksBuildPhase section */
		7CED40401ECED2A6000E4694 /* Frameworks */ = {
			isa = PBXFrameworksBuildPhase;
			buildActionMask = 2147483647;
			files = (
			);
			runOnlyForDeploymentPostprocessing = 0;
		};
/* End PBXFrameworksBuildPhase section */

/* Begin PBXGroup section */
		7CED403A1ECED2A5000E4694 = {
			isa = PBXGroup;
			children = (
				7CED40451ECED2A6000E4694 /* Cube Timer */,
				7CED40441ECED2A6000E4694 /* Products */,
			);
			sourceTree = "<group>";
		};
		7CED40441ECED2A6000E4694 /* Products */ = {
			isa = PBXGroup;
			children = (
				7CED40431ECED2A6000E4694 /* Cube Timer.app */,
			);
			name = Products;
			sourceTree = "<group>";
		};
		7CED40451ECED2A6000E4694 /* Cube Timer */ = {
			isa = PBXGroup;
			children = (
				7CED40461ECED2A6000E4694 /* AppDelegate.swift */,
				7CED40481ECED2A6000E4694 /* ViewController.swift */,
				7CED404A1ECED2A6000E4694 /* Main.storyboard */,
				7CED404D1ECED2A6000E4694 /* Assets.xcassets */,
				7CED404F1ECED2A6000E4694 /* LaunchScreen.storyboard */,
				7CED40521ECED2A6000E4694 /* Info.plist */,
			);
			path = "Cube Timer";
			sourceTree = "<group>";
		};
/* End PBXGroup section */

/* Begin PBXNativeTarget section */
		7CED40421ECED2A6000E4694 /* Cube Timer */ = {
			isa = PBXNativeTarget;
			buildConfigurationList = 7CED40551ECED2A6000E4694 /* Build configuration list for PBXNativeTarget "Cube Timer" */;
			buildPhases = (
				7CED403F1ECED2A6000E4694 /* Sources */,
				7CED40401ECED2A6000E4694 /* Frameworks */,
				7CED40411ECED2A6000E4694 /* Resources */,
			);
			buildRules = (
			);
			dependencies = (
			);
			name = "Cube Timer";
			productName = "Cube Timer";
			productReference = 7CED40431ECED2A6000E4694 /* Cube Timer.app */;
			productType = "com.apple.product-type.application";
		};
/* End PBXNativeTarget section */

/* Begin PBXProject section */
		7CED403B1ECED2A5000E4694 /* Project object */ = {
			isa = PBXProject;
			attributes = {
				LastSwiftUpdateCheck = 0820;
				LastUpgradeCheck = 0820;
				ORGANIZATIONNAME = Erik;
				TargetAttributes = {
					7CED40421ECED2A6000E4694 = {
						CreatedOnToolsVersion = 8.2.1;
						ProvisioningStyle = Automatic;
					};
				};
			};
			buildConfigurationList = 7CED403E1ECED2A5000E4694 /* Build configuration list for PBXProject "Cube Timer" */;
			compatibilityVersion = "Xcode 3.2";
			developmentRegion = English;
			hasScannedForEncodings = 0;
			knownRegions = (
				en,
				Base,
			);
			mainGroup = 7CED403A1ECED2A5000E4694;
			productRefGroup = 7CED40441ECED2A6000E4694 /* Products */;
			projectDirPath = "";
			projectRoot = "";
			targets = (
				7CED40421ECED2A6000E4694 /* Cube Timer */,
			);
		};
/* End PBXProject section */

/* Begin PBXResourcesBuildPhase section */
		7CED40411ECED2A6000E4694 /* Resources */ = {
			isa = PBXResourcesBuildPhase;
			buildActionMask = 2147483647;
			files = (
				7CED40511ECED2A6000E4694 /* LaunchScreen.storyboard in Resources */,
				7CED404E1ECED2A6000E4694 /* Assets.xcassets in Resources */,
				7CED404C1ECED2A6000E4694 /* Main.storyboard in Resources */,
			);
			runOnlyForDeploymentPostprocessing = 0;
		};
/* End PBXResourcesBuildPhase section */

/* Begin PBXSourcesBuildPhase section */
		7CED403F1ECED2A6000E4694 /* Sources */ = {
			isa = PBXSourcesBuildPhase;
			buildActionMask = 2147483647;
			files = (
				7CED40491ECED2A6000E4694 /* ViewController.swift in Sources */,
				7CED40471ECED2A6000E4694 /* AppDelegate.swift in Sources */,
			);
			runOnlyForDeploymentPostprocessing = 0;
		};
/* End PBXSourcesBuildPhase section */

/* Begin PBXVariantGroup section */
		7CED404A1ECED2A6000E4694 /* Main.storyboard */ = {
			isa = PBXVariantGroup;
			children = (
				7CED404B1ECED2A6000E4694 /* Base */,
			);
			name = Main.storyboard;
			sourceTree = "<group>";
		};
		7CED404F1ECED2A6000E4694 /* LaunchScreen.storyboard */ = {
			isa = PBXVariantGroup;
			children = (
				7CED40501ECED2A6000E4694 /* Base */,
			);
			name = LaunchScreen.storyboard;
			sourceTree = "<group>";
		};
/* End PBXVariantGroup section */

/* Begin XCBuildConfiguration section */
		7CED40531ECED2A6000E4694 /* Debug */ = {
			isa = XCBuildConfiguration;
			buildSettings = {
				ALWAYS_SEARCH_USER_PATHS = NO;
				CLANG_ANALYZER_NONNULL = YES;
				CLANG_CXX_LANGUAGE_STANDARD = "gnu++0x";
				CLANG_CXX_LIBRARY = "libc++";
				CLANG_ENABLE_MODULES = YES;
				CLANG_ENABLE_OBJC_ARC = YES;
				CLANG_WARN_BOOL_CONVERSION = YES;
				CLANG_WARN_CONSTANT_CONVERSION = YES;
				CLANG_WARN_DIRECT_OBJC_ISA_USAGE = YES_ERROR;
				CLANG_WARN_DOCUMENTATION_COMMENTS = YES;
				CLANG_WARN_EMPTY_BODY = YES;
				CLANG_WARN_ENUM_CONVERSION = YES;
				CLANG_WARN_INFINITE_RECURSION = YES;
				CLANG_WARN_INT_CONVERSION = YES;
				CLANG_WARN_OBJC_ROOT_CLASS = YES_ERROR;
				CLANG_WARN_SUSPICIOUS_MOVE = YES;
				CLANG_WARN_UNREACHABLE_CODE = YES;
				CLANG_WARN__DUPLICATE_METHOD_MATCH = YES;
				"CODE_SIGN_IDENTITY[sdk=iphoneos*]" = "iPhone Developer";
				COPY_PHASE_STRIP = NO;
				DEBUG_INFORMATION_FORMAT = dwarf;
				ENABLE_STRICT_OBJC_MSGSEND = YES;
				ENABLE_TESTABILITY = YES;
				GCC_C_LANGUAGE_STANDARD = gnu99;
				GCC_DYNAMIC_NO_PIC = NO;
				GCC_NO_COMMON_BLOCKS = YES;
				GCC_OPTIMIZATION_LEVEL = 0;
				GCC_PREPROCESSOR_DEFINITIONS = (
					"DEBUG=1",
					"$(inherited)",
				);
				GCC_WARN_64_TO_32_BIT_CONVERSION = YES;
				GCC_WARN_ABOUT_RETURN_TYPE = YES_ERROR;
				GCC_WARN_UNDECLARED_SELECTOR = YES;
				GCC_WARN_UNINITIALIZED_AUTOS = YES_AGGRESSIVE;
				GCC_WARN_UNUSED_FUNCTION = YES;
				GCC_WARN_UNUSED_VARIABLE = YES;
				IPHONEOS_DEPLOYMENT_TARGET = 10.2;
				MTL_ENABLE_DEBUG_INFO = YES;
				ONLY_ACTIVE_ARCH = YES;
				SDKROOT = iphoneos;
				SWIFT_ACTIVE_COMPILATION_CONDITIONS = DEBUG;
				SWIFT_OPTIMIZATION_LEVEL = "-Onone";
			};
			name = Debug;
		};
		7CED40541ECED2A6000E4694 /* Release */ = {
			isa = XCBuildConfiguration;
			buildSettings = {
				ALWAYS_SEARCH_USER_PATHS = NO;
				CLANG_ANALYZER_NONNULL = YES;
				CLANG_CXX_LANGUAGE_STANDARD = "gnu++0x";
				CLANG_CXX_LIBRARY = "libc++";
				CLANG_ENABLE_MODULES = YES;
				CLANG_ENABLE_OBJC_ARC = YES;
				CLANG_WARN_BOOL_CONVERSION = YES;
				CLANG_WARN_CONSTANT_CONVERSION = YES;
				CLANG_WARN_DIRECT_OBJC_ISA_USAGE = YES_ERROR;
				CLANG_WARN_DOCUMENTATION_COMMENTS = YES;
				CLANG_WARN_EMPTY_BODY = YES;
				CLANG_WARN_ENUM_CONVERSION = YES;
				CLANG_WARN_INFINITE_RECURSION = YES;
				CLANG_WARN_INT_CONVERSION = YES;
				CLANG_WARN_OBJC_ROOT_CLASS = YES_ERROR;
				CLANG_WARN_SUSPICIOUS_MOVE = YES;
				CLANG_WARN_UNREACHABLE_CODE = YES;
				CLANG_WARN__DUPLICATE_METHOD_MATCH = YES;
				"CODE_SIGN_IDENTITY[sdk=iphoneos*]" = "iPhone Developer";
				COPY_PHASE_STRIP = NO;
				DEBUG_INFORMATION_FORMAT = "dwarf-with-dsym";
				ENABLE_NS_ASSERTIONS = NO;
				ENABLE_STRICT_OBJC_MSGSEND = YES;
				GCC_C_LANGUAGE_STANDARD = gnu99;
				GCC_NO_COMMON_BLOCKS = YES;
				GCC_WARN_64_TO_32_BIT_CONVERSION = YES;
				GCC_WARN_ABOUT_RETURN_TYPE = YES_ERROR;
				GCC_WARN_UNDECLARED_SELECTOR = YES;
				GCC_WARN_UNINITIALIZED_AUTOS = YES_AGGRESSIVE;
				GCC_WARN_UNUSED_FUNCTION = YES;
				GCC_WARN_UNUSED_VARIABLE = YES;
				IPHONEOS_DEPLOYMENT_TARGET = 10.2;
				MTL_ENABLE_DEBUG_INFO = NO;
				SDKROOT = iphoneos;
				SWIFT_OPTIMIZATION_LEVEL = "-Owholemodule";
				VALIDATE_PRODUCT = YES;
			};
			name = Release;
		};
		7CED40561ECED2A6000E4694 /* Debug */ = {
			isa = XCBuildConfiguration;
			buildSettings = {
				ASSETCATALOG_COMPILER_APPICON_NAME = AppIcon;
				INFOPLIST_FILE = "Cube Timer/Info.plist";
				LD_RUNPATH_SEARCH_PATHS = "$(inherited) @executable_path/Frameworks";
				PRODUCT_BUNDLE_IDENTIFIER = "com.erik.Cube-Timer";
				PRODUCT_NAME = "$(TARGET_NAME)";
				SWIFT_VERSION = 3.0;
			};
			name = Debug;
		};
		7CED40571ECED2A6000E4694 /* Release */ = {
			isa = XCBuildConfiguration;
			buildSettings = {
				ASSETCATALOG_COMPILER_APPICON_NAME = AppIcon;
				INFOPLIST_FILE = "Cube Timer/Info.plist";
				LD_RUNPATH_SEARCH_PATHS = "$(inherited) @executable_path/Frameworks";
				PRODUCT_BUNDLE_IDENTIFIER = "com.erik.Cube-Timer";
				PRODUCT_NAME = "$(TARGET_NAME)";
				SWIFT_VERSION = 3.0;
			};
			name = Release;
		};
/* End XCBuildConfiguration section */

/* Begin XCConfigurationList section */
		7CED403E1ECED2A5000E4694 /* Build configuration list for PBXProject "Cube Timer" */ = {
			isa = XCConfigurationList;
			buildConfigurations = (
				7CED40531ECED2A6000E4694 /* Debug */,
				7CED40541ECED2A6000E4694 /* Release */,
			);
			defaultConfigurationIsVisible = 0;
			defaultConfigurationName = Release;
		};
		7CED40551ECED2A6000E4694 /* Build configuration list for PBXNativeTarget "Cube Timer" */ = {
			isa = XCConfigurationList;
			buildConfigurations = (
				7CED40561ECED2A6000E4694 /* Debug */,
				7CED40571ECED2A6000E4694 /* Release */,
			);
			defaultConfigurationIsVisible = 0;
		};
/* End XCConfigurationList section */
	};
	rootObject = 7CED403B1ECED2A5000E4694 /* Project object */;
}
